
Microsoft Visual Studio Solution File, Format Version 12.00
# Visual Studio Version 16
VisualStudioVersion = 16.0.29209.62
MinimumVisualStudioVersion = 10.0.40219.1
Project("{9A19103F-16F7-4668-BE54-9A1E7A4F7556}") = "1_Collections", "1_Collections\1_Collections.csproj", "{B3BCA9B7-0154-4566-83AB-4521ABB980E4}"
EndProject
Project("{9A19103F-16F7-4668-BE54-9A1E7A4F7556}") = "2_Collections", "2_Collections\2_Collections.csproj", "{D0366063-5CB1-4347-ABB7-2DD0E189D703}"
	ProjectSection(ProjectDependencies) = postProject
		{B3BCA9B7-0154-4566-83AB-4521ABB980E4} = {B3BCA9B7-0154-4566-83AB-4521ABB980E4}
	EndProjectSection
EndProject
Project("{9A19103F-16F7-4668-BE54-9A1E7A4F7556}") = "3_Generics", "3_Generics\3_Generics.csproj", "{862B8E29-9849-409D-A179-932E54F4515E}"
	ProjectSection(ProjectDependencies) = postProject
		{B3BCA9B7-0154-4566-83AB-4521ABB980E4} = {B3BCA9B7-0154-4566-83AB-4521ABB980E4}
	EndProjectSection
EndProject
Project("{9A19103F-16F7-4668-BE54-9A1E7A4F7556}") = "4_Delegates", "4_Delegates\4_Delegates.csproj", "{178929C8-B67A-4726-9339-F27DE5DBAF2F}"
EndProject
Project("{FAE04EC0-301F-11D3-BF4B-00C04F79EFBC}") = "5_LINQ", "5_LINQ\5_LINQ.csproj", "{C0C85AAA-5B7B-43C1-A36E-7A799BA60C6F}"
EndProject
Global
	GlobalSection(SolutionConfigurationPlatforms) = preSolution
		Debug|Any CPU = Debug|Any CPU
		Release|Any CPU = Release|Any CPU
	EndGlobalSection
	GlobalSection(ProjectConfigurationPlatforms) = postSolution
		{B3BCA9B7-0154-4566-83AB-4521ABB980E4}.Debug|Any CPU.ActiveCfg = Debug|Any CPU
		{B3BCA9B7-0154-4566-83AB-4521ABB980E4}.Debug|Any CPU.Build.0 = Debug|Any CPU
		{B3BCA9B7-0154-4566-83AB-4521ABB980E4}.Release|Any CPU.ActiveCfg = Release|Any CPU
		{B3BCA9B7-0154-4566-83AB-4521ABB980E4}.Release|Any CPU.Build.0 = Release|Any CPU
		{D0366063-5CB1-4347-ABB7-2DD0E189D703}.Debug|Any CPU.ActiveCfg = Debug|Any CPU
		{D0366063-5CB1-4347-ABB7-2DD0E189D703}.Debug|Any CPU.Build.0 = Debug|Any CPU
		{D0366063-5CB1-4347-ABB7-2DD0E189D703}.Release|Any CPU.ActiveCfg = Release|Any CPU
		{D0366063-5CB1-4347-ABB7-2DD0E189D703}.Release|Any CPU.Build.0 = Release|Any CPU
		{862B8E29-9849-409D-A179-932E54F4515E}.Debug|Any CPU.ActiveCfg = Debug|Any CPU
		{862B8E29-9849-409D-A179-932E54F4515E}.Debug|Any CPU.Build.0 = Debug|Any CPU
		{862B8E29-9849-409D-A179-932E54F4515E}.Release|Any CPU.ActiveCfg = Release|Any CPU
		{862B8E29-9849-409D-A179-932E54F4515E}.Release|Any CPU.Build.0 = Release|Any CPU
		{178929C8-B67A-4726-9339-F27DE5DBAF2F}.Debug|Any CPU.ActiveCfg = Debug|Any CPU
		{178929C8-B67A-4726-9339-F27DE5DBAF2F}.Debug|Any CPU.Build.0 = Debug|Any CPU
		{178929C8-B67A-4726-9339-F27DE5DBAF2F}.Release|Any CPU.ActiveCfg = Release|Any CPU
		{178929C8-B67A-4726-9339-F27DE5DBAF2F}.Release|Any CPU.Build.0 = Release|Any CPU
		{C0C85AAA-5B7B-43C1-A36E-7A799BA60C6F}.Debug|Any CPU.ActiveCfg = Debug|Any CPU
		{C0C85AAA-5B7B-43C1-A36E-7A799BA60C6F}.Debug|Any CPU.Build.0 = Debug|Any CPU
		{C0C85AAA-5B7B-43C1-A36E-7A799BA60C6F}.Release|Any CPU.ActiveCfg = Release|Any CPU
		{C0C85AAA-5B7B-43C1-A36E-7A799BA60C6F}.Release|Any CPU.Build.0 = Release|Any CPU
	EndGlobalSection
	GlobalSection(SolutionProperties) = preSolution
		HideSolutionNode = FALSE
	EndGlobalSection
	GlobalSection(ExtensibilityGlobals) = postSolution
		SolutionGuid = {4751E2A0-24EE-4801-82BA-8E84B37321F7}
	EndGlobalSection
EndGlobal
